
Microsoft Visual Studio Solution File, Format Version 12.00
# Visual Studio 2012
Project("{E24C65DC-7377-472B-9ABA-BC803B73C61A}") = "TechcipherApp", ".", "{35DF427E-8DA5-47EE-8ED3-A347954966D3}"
	ProjectSection(WebsiteProperties) = preProject
		TargetFrameworkMoniker = ".NETFramework,Version%3Dv4.0"
		Debug.AspNetCompiler.VirtualPath = "/TechcipherApp"
		Debug.AspNetCompiler.PhysicalPath = "..\TechcipherApp\"
		Debug.AspNetCompiler.TargetPath = "PrecompiledWeb\TechcipherApp\"
		Debug.AspNetCompiler.Updateable = "true"
		Debug.AspNetCompiler.ForceOverwrite = "true"
		Debug.AspNetCompiler.FixedNames = "false"
		Debug.AspNetCompiler.Debug = "True"
		Release.AspNetCompiler.VirtualPath = "/TechcipherApp"
		Release.AspNetCompiler.PhysicalPath = "..\TechcipherApp\"
		Release.AspNetCompiler.TargetPath = "PrecompiledWeb\TechcipherApp\"
		Release.AspNetCompiler.Updateable = "true"
		Release.AspNetCompiler.ForceOverwrite = "true"
		Release.AspNetCompiler.FixedNames = "false"
		Release.AspNetCompiler.Debug = "False"
		VWDPort = "61978"
	EndProjectSection
EndProject
Global
	GlobalSection(SolutionConfigurationPlatforms) = preSolution
		Debug|Any CPU = Debug|Any CPU
	EndGlobalSection
	GlobalSection(ProjectConfigurationPlatforms) = postSolution
		{35DF427E-8DA5-47EE-8ED3-A347954966D3}.Debug|Any CPU.ActiveCfg = Debug|Any CPU
		{35DF427E-8DA5-47EE-8ED3-A347954966D3}.Debug|Any CPU.Build.0 = Debug|Any CPU
	EndGlobalSection
	GlobalSection(SolutionProperties) = preSolution
		HideSolutionNode = FALSE
	EndGlobalSection
EndGlobal
